
Microsoft Visual Studio Solution File, Format Version 12.00
# Visual Studio Version 17
VisualStudioVersion = 17.11.35222.181
MinimumVisualStudioVersion = 10.0.40219.1
Project("{FAE04EC0-301F-11D3-BF4B-00C04F79EFBC}") = "Prueba_Técnica_Factura", "Prueba_Técnica_Factura\Prueba_Técnica_Factura.csproj", "{168D86F7-C984-41AE-BE97-15DCFFCC5E5F}"
EndProject
Global
	GlobalSection(SolutionConfigurationPlatforms) = preSolution
		Debug|Any CPU = Debug|Any CPU
		Release|Any CPU = Release|Any CPU
	EndGlobalSection
	GlobalSection(ProjectConfigurationPlatforms) = postSolution
		{168D86F7-C984-41AE-BE97-15DCFFCC5E5F}.Debug|Any CPU.ActiveCfg = Debug|Any CPU
		{168D86F7-C984-41AE-BE97-15DCFFCC5E5F}.Debug|Any CPU.Build.0 = Debug|Any CPU
		{168D86F7-C984-41AE-BE97-15DCFFCC5E5F}.Release|Any CPU.ActiveCfg = Release|Any CPU
		{168D86F7-C984-41AE-BE97-15DCFFCC5E5F}.Release|Any CPU.Build.0 = Release|Any CPU
	EndGlobalSection
	GlobalSection(SolutionProperties) = preSolution
		HideSolutionNode = FALSE
	EndGlobalSection
	GlobalSection(ExtensibilityGlobals) = postSolution
		SolutionGuid = {B0490932-6C2B-44B4-885D-6F75735C753F}
	EndGlobalSection
EndGlobal
